
Microsoft Visual Studio Solution File, Format Version 12.00
# Visual Studio Version 16
VisualStudioVersion = 16.0.809.10
MinimumVisualStudioVersion = 10.0.40219.1
Project("{FAE04EC0-301F-11D3-BF4B-00C04F79EFBC}") = "BasicASP.NETCoreMvcKnowledge", "BasicASP.NETCoreMvcKnowledge\BasicASP.NETCoreMvcKnowledge.csproj", "{9133667E-B3B1-4D33-8BF3-6091FC8B453B}"
EndProject
Project("{FAE04EC0-301F-11D3-BF4B-00C04F79EFBC}") = "BasicASP.NETCoreMvcKnowledge.Test", "BasicASP.NETCoreMvcKnowledge.Test\BasicASP.NETCoreMvcKnowledge.Test.csproj", "{A5312C15-CBC2-4FF4-AC56-91B31AFEE737}"
EndProject
Project("{2150E333-8FDC-42A3-9474-1A3956D46DE8}") = "Solution Items", "Solution Items", "{8EEE65FA-CBC2-4C4A-B451-0AAE7033DB98}"
	ProjectSection(SolutionItems) = preProject
		Dockerfile = Dockerfile
	EndProjectSection
EndProject
Project("{E53339B2-1760-4266-BCC7-CA923CBCF16C}") = "docker-compose", "docker-compose.dcproj", "{FDE7585F-2F14-4EAB-9D4C-EEC6BC901B20}"
EndProject
Global
	GlobalSection(SolutionConfigurationPlatforms) = preSolution
		Debug|Any CPU = Debug|Any CPU
		Release|Any CPU = Release|Any CPU
	EndGlobalSection
	GlobalSection(ProjectConfigurationPlatforms) = postSolution
		{9133667E-B3B1-4D33-8BF3-6091FC8B453B}.Debug|Any CPU.ActiveCfg = Debug|Any CPU
		{9133667E-B3B1-4D33-8BF3-6091FC8B453B}.Debug|Any CPU.Build.0 = Debug|Any CPU
		{9133667E-B3B1-4D33-8BF3-6091FC8B453B}.Release|Any CPU.ActiveCfg = Release|Any CPU
		{9133667E-B3B1-4D33-8BF3-6091FC8B453B}.Release|Any CPU.Build.0 = Release|Any CPU
		{A5312C15-CBC2-4FF4-AC56-91B31AFEE737}.Debug|Any CPU.ActiveCfg = Debug|Any CPU
		{A5312C15-CBC2-4FF4-AC56-91B31AFEE737}.Debug|Any CPU.Build.0 = Debug|Any CPU
		{A5312C15-CBC2-4FF4-AC56-91B31AFEE737}.Release|Any CPU.ActiveCfg = Release|Any CPU
		{A5312C15-CBC2-4FF4-AC56-91B31AFEE737}.Release|Any CPU.Build.0 = Release|Any CPU
		{FDE7585F-2F14-4EAB-9D4C-EEC6BC901B20}.Debug|Any CPU.ActiveCfg = Debug|Any CPU
		{FDE7585F-2F14-4EAB-9D4C-EEC6BC901B20}.Debug|Any CPU.Build.0 = Debug|Any CPU
		{FDE7585F-2F14-4EAB-9D4C-EEC6BC901B20}.Release|Any CPU.ActiveCfg = Release|Any CPU
		{FDE7585F-2F14-4EAB-9D4C-EEC6BC901B20}.Release|Any CPU.Build.0 = Release|Any CPU
	EndGlobalSection
	GlobalSection(SolutionProperties) = preSolution
		HideSolutionNode = FALSE
	EndGlobalSection
	GlobalSection(ExtensibilityGlobals) = postSolution
		SolutionGuid = {61760501-05BB-44A9-A27E-45F2AF5FE78E}
	EndGlobalSection
EndGlobal
